// !$*UTF8*$!
{
	archiveVersion = 1;
	classes = {
	};
	objectVersion = 50;
	objects = {

/* Begin PBXBuildFile section */
		897A6EBE21F54F200072C976 /* AppDelegate.swift in Sources */ = {isa = PBXBuildFile; fileRef = 897A6EBD21F54F200072C976 /* AppDelegate.swift */; };
		897A6EC021F54F200072C976 /* ViewController.swift in Sources */ = {isa = PBXBuildFile; fileRef = 897A6EBF21F54F200072C976 /* ViewController.swift */; };
		897A6EC321F54F200072C976 /* Main.storyboard in Resources */ = {isa = PBXBuildFile; fileRef = 897A6EC121F54F200072C976 /* Main.storyboard */; };
		897A6EC521F54F220072C976 /* Assets.xcassets in Resources */ = {isa = PBXBuildFile; fileRef = 897A6EC421F54F220072C976 /* Assets.xcassets */; };
		897A6EC821F54F220072C976 /* LaunchScreen.storyboard in Resources */ = {isa = PBXBuildFile; fileRef = 897A6EC621F54F220072C976 /* LaunchScreen.storyboard */; };
		897A6ED021F59B1D0072C976 /* CouchbaseLiteSwift.framework in Frameworks */ = {isa = PBXBuildFile; fileRef = 897A6ECF21F59B1D0072C976 /* CouchbaseLiteSwift.framework */; settings = {ATTRIBUTES = (Weak, ); }; };
		897A6ED721F5B8F20072C976 /* DatabaseManager.swift in Sources */ = {isa = PBXBuildFile; fileRef = 897A6ED621F5B8F20072C976 /* DatabaseManager.swift */; };
		897A6ED921F6BC890072C976 /* bigbang.json in Resources */ = {isa = PBXBuildFile; fileRef = 897A6ED821F6BC890072C976 /* bigbang.json */; };
		897A6EDC21F6BF7D0072C976 /* CouchbaseLiteSwift.framework in CopyFiles */ = {isa = PBXBuildFile; fileRef = 897A6ECF21F59B1D0072C976 /* CouchbaseLiteSwift.framework */; settings = {ATTRIBUTES = (CodeSignOnCopy, RemoveHeadersOnCopy, ); }; };
		897A6EDE21F6D4BF0072C976 /* StringExtension.swift in Sources */ = {isa = PBXBuildFile; fileRef = 897A6EDD21F6D4BF0072C976 /* StringExtension.swift */; };
		897A6EE021F6F4950072C976 /* Episode.swift in Sources */ = {isa = PBXBuildFile; fileRef = 897A6EDF21F6F4950072C976 /* Episode.swift */; };
		897A6EE421F7004B0072C976 /* BigBangTableViewCell.swift in Sources */ = {isa = PBXBuildFile; fileRef = 897A6EE321F7004B0072C976 /* BigBangTableViewCell.swift */; };
/* End PBXBuildFile section */

/* Begin PBXCopyFilesBuildPhase section */
		897A6EDB21F6BF690072C976 /* CopyFiles */ = {
			isa = PBXCopyFilesBuildPhase;
			buildActionMask = 2147483647;
			dstPath = "";
			dstSubfolderSpec = 10;
			files = (
				897A6EDC21F6BF7D0072C976 /* CouchbaseLiteSwift.framework in CopyFiles */,
			);
			runOnlyForDeploymentPostprocessing = 0;
		};
/* End PBXCopyFilesBuildPhase section */

/* Begin PBXFileReference section */
		897A6EBA21F54F200072C976 /* IntroExample.app */ = {isa = PBXFileReference; explicitFileType = wrapper.application; includeInIndex = 0; path = IntroExample.app; sourceTree = BUILT_PRODUCTS_DIR; };
		897A6EBD21F54F200072C976 /* AppDelegate.swift */ = {isa = PBXFileReference; lastKnownFileType = sourcecode.swift; path = AppDelegate.swift; sourceTree = "<group>"; };
		897A6EBF21F54F200072C976 /* ViewController.swift */ = {isa = PBXFileReference; lastKnownFileType = sourcecode.swift; path = ViewController.swift; sourceTree = "<group>"; };
		897A6EC221F54F200072C976 /* Base */ = {isa = PBXFileReference; lastKnownFileType = file.storyboard; name = Base; path = Base.lproj/Main.storyboard; sourceTree = "<group>"; };
		897A6EC421F54F220072C976 /* Assets.xcassets */ = {isa = PBXFileReference; lastKnownFileType = folder.assetcatalog; path = Assets.xcassets; sourceTree = "<group>"; };
		897A6EC721F54F220072C976 /* Base */ = {isa = PBXFileReference; lastKnownFileType = file.storyboard; name = Base; path = Base.lproj/LaunchScreen.storyboard; sourceTree = "<group>"; };
		897A6EC921F54F220072C976 /* Info.plist */ = {isa = PBXFileReference; lastKnownFileType = text.plist.xml; path = Info.plist; sourceTree = "<group>"; };
		897A6ECF21F59B1D0072C976 /* CouchbaseLiteSwift.framework */ = {isa = PBXFileReference; lastKnownFileType = wrapper.framework; path = CouchbaseLiteSwift.framework; sourceTree = "<group>"; };
		897A6ED621F5B8F20072C976 /* DatabaseManager.swift */ = {isa = PBXFileReference; lastKnownFileType = sourcecode.swift; path = DatabaseManager.swift; sourceTree = "<group>"; };
		897A6ED821F6BC890072C976 /* bigbang.json */ = {isa = PBXFileReference; lastKnownFileType = text.json; path = bigbang.json; sourceTree = "<group>"; xcLanguageSpecificationIdentifier = xcode.lang.json; };
		897A6EDA21F6BEAA0072C976 /* BigBangSearch-Bridging-Header.h */ = {isa = PBXFileReference; lastKnownFileType = sourcecode.c.h; path = "BigBangSearch-Bridging-Header.h"; sourceTree = "<group>"; };
		897A6EDD21F6D4BF0072C976 /* StringExtension.swift */ = {isa = PBXFileReference; lastKnownFileType = sourcecode.swift; path = StringExtension.swift; sourceTree = "<group>"; };
		897A6EDF21F6F4950072C976 /* Episode.swift */ = {isa = PBXFileReference; lastKnownFileType = sourcecode.swift; path = Episode.swift; sourceTree = "<group>"; };
		897A6EE321F7004B0072C976 /* BigBangTableViewCell.swift */ = {isa = PBXFileReference; lastKnownFileType = sourcecode.swift; path = BigBangTableViewCell.swift; sourceTree = "<group>"; };
/* End PBXFileReference section */

/* Begin PBXFrameworksBuildPhase section */
		897A6EB721F54F200072C976 /* Frameworks */ = {
			isa = PBXFrameworksBuildPhase;
			buildActionMask = 2147483647;
			files = (
				897A6ED021F59B1D0072C976 /* CouchbaseLiteSwift.framework in Frameworks */,
			);
			runOnlyForDeploymentPostprocessing = 0;
		};
/* End PBXFrameworksBuildPhase section */

/* Begin PBXGroup section */
		897A6EB121F54F200072C976 = {
			isa = PBXGroup;
			children = (
				897A6EBC21F54F200072C976 /* IntroExample */,
				897A6EBB21F54F200072C976 /* Products */,
			);
			sourceTree = "<group>";
		};
		897A6EBB21F54F200072C976 /* Products */ = {
			isa = PBXGroup;
			children = (
				897A6EBA21F54F200072C976 /* IntroExample.app */,
			);
			name = Products;
			sourceTree = "<group>";
		};
		897A6EBC21F54F200072C976 /* IntroExample */ = {
			isa = PBXGroup;
			children = (
				897A6EDA21F6BEAA0072C976 /* BigBangSearch-Bridging-Header.h */,
				897A6ECF21F59B1D0072C976 /* CouchbaseLiteSwift.framework */,
				897A6ED221F5B2450072C976 /* AppDelegate */,
				897A6ED421F5B2740072C976 /* Model */,
				897A6ED521F5B28A0072C976 /* View */,
				897A6ED121F5B2330072C976 /* Controller */,
				897A6EC421F54F220072C976 /* Assets.xcassets */,
				897A6EC621F54F220072C976 /* LaunchScreen.storyboard */,
				897A6EC921F54F220072C976 /* Info.plist */,
				897A6ED821F6BC890072C976 /* bigbang.json */,
			);
			path = IntroExample;
			sourceTree = "<group>";
		};
		897A6ED121F5B2330072C976 /* Controller */ = {
			isa = PBXGroup;
			children = (
				897A6EC121F54F200072C976 /* Main.storyboard */,
				897A6EBF21F54F200072C976 /* ViewController.swift */,
			);
			path = Controller;
			sourceTree = "<group>";
		};
		897A6ED221F5B2450072C976 /* AppDelegate */ = {
			isa = PBXGroup;
			children = (
				897A6EBD21F54F200072C976 /* AppDelegate.swift */,
			);
			path = AppDelegate;
			sourceTree = "<group>";
		};
		897A6ED421F5B2740072C976 /* Model */ = {
			isa = PBXGroup;
			children = (
				897A6ED621F5B8F20072C976 /* DatabaseManager.swift */,
				897A6EDD21F6D4BF0072C976 /* StringExtension.swift */,
				897A6EDF21F6F4950072C976 /* Episode.swift */,
			);
			path = Model;
			sourceTree = "<group>";
		};
		897A6ED521F5B28A0072C976 /* View */ = {
			isa = PBXGroup;
			children = (
				897A6EE321F7004B0072C976 /* BigBangTableViewCell.swift */,
			);
			path = View;
			sourceTree = "<group>";
		};
/* End PBXGroup section */

/* Begin PBXNativeTarget section */
		897A6EB921F54F200072C976 /* IntroExample */ = {
			isa = PBXNativeTarget;
			buildConfigurationList = 897A6ECC21F54F220072C976 /* Build configuration list for PBXNativeTarget "IntroExample" */;
			buildPhases = (
				897A6EB621F54F200072C976 /* Sources */,
				897A6EB721F54F200072C976 /* Frameworks */,
				897A6EB821F54F200072C976 /* Resources */,
				897A6EDB21F6BF690072C976 /* CopyFiles */,
			);
			buildRules = (
			);
			dependencies = (
			);
			name = IntroExample;
			productName = IntroExample;
			productReference = 897A6EBA21F54F200072C976 /* IntroExample.app */;
			productType = "com.apple.product-type.application";
		};
/* End PBXNativeTarget section */

/* Begin PBXProject section */
		897A6EB221F54F200072C976 /* Project object */ = {
			isa = PBXProject;
			attributes = {
				LastSwiftUpdateCheck = 1010;
				LastUpgradeCheck = 1010;
				ORGANIZATIONNAME = "Brandon Askea";
				TargetAttributes = {
					897A6EB921F54F200072C976 = {
						CreatedOnToolsVersion = 10.1;
					};
				};
			};
			buildConfigurationList = 897A6EB521F54F200072C976 /* Build configuration list for PBXProject "IntroExample" */;
			compatibilityVersion = "Xcode 9.3";
			developmentRegion = en;
			hasScannedForEncodings = 0;
			knownRegions = (
				en,
				Base,
			);
			mainGroup = 897A6EB121F54F200072C976;
			productRefGroup = 897A6EBB21F54F200072C976 /* Products */;
			projectDirPath = "";
			projectRoot = "";
			targets = (
				897A6EB921F54F200072C976 /* IntroExample */,
			);
		};
/* End PBXProject section */

/* Begin PBXResourcesBuildPhase section */
		897A6EB821F54F200072C976 /* Resources */ = {
			isa = PBXResourcesBuildPhase;
			buildActionMask = 2147483647;
			files = (
				897A6EC821F54F220072C976 /* LaunchScreen.storyboard in Resources */,
				897A6ED921F6BC890072C976 /* bigbang.json in Resources */,
				897A6EC521F54F220072C976 /* Assets.xcassets in Resources */,
				897A6EC321F54F200072C976 /* Main.storyboard in Resources */,
			);
			runOnlyForDeploymentPostprocessing = 0;
		};
/* End PBXResourcesBuildPhase section */

/* Begin PBXSourcesBuildPhase section */
		897A6EB621F54F200072C976 /* Sources */ = {
			isa = PBXSourcesBuildPhase;
			buildActionMask = 2147483647;
			files = (
				897A6EDE21F6D4BF0072C976 /* StringExtension.swift in Sources */,
				897A6EC021F54F200072C976 /* ViewController.swift in Sources */,
				897A6EBE21F54F200072C976 /* AppDelegate.swift in Sources */,
				897A6EE421F7004B0072C976 /* BigBangTableViewCell.swift in Sources */,
				897A6EE021F6F4950072C976 /* Episode.swift in Sources */,
				897A6ED721F5B8F20072C976 /* DatabaseManager.swift in Sources */,
			);
			runOnlyForDeploymentPostprocessing = 0;
		};
/* End PBXSourcesBuildPhase section */

/* Begin PBXVariantGroup section */
		897A6EC121F54F200072C976 /* Main.storyboard */ = {
			isa = PBXVariantGroup;
			children = (
				897A6EC221F54F200072C976 /* Base */,
			);
			name = Main.storyboard;
			sourceTree = "<group>";
		};
		897A6EC621F54F220072C976 /* LaunchScreen.storyboard */ = {
			isa = PBXVariantGroup;
			children = (
				897A6EC721F54F220072C976 /* Base */,
			);
			name = LaunchScreen.storyboard;
			sourceTree = "<group>";
		};
/* End PBXVariantGroup section */

/* Begin XCBuildConfiguration section */
		897A6ECA21F54F220072C976 /* Debug */ = {
			isa = XCBuildConfiguration;
			buildSettings = {
				ALWAYS_SEARCH_USER_PATHS = NO;
				CLANG_ANALYZER_NONNULL = YES;
				CLANG_ANALYZER_NUMBER_OBJECT_CONVERSION = YES_AGGRESSIVE;
				CLANG_CXX_LANGUAGE_STANDARD = "gnu++14";
				CLANG_CXX_LIBRARY = "libc++";
				CLANG_ENABLE_MODULES = YES;
				CLANG_ENABLE_OBJC_ARC = YES;
				CLANG_ENABLE_OBJC_WEAK = YES;
				CLANG_WARN_BLOCK_CAPTURE_AUTORELEASING = YES;
				CLANG_WARN_BOOL_CONVERSION = YES;
				CLANG_WARN_COMMA = YES;
				CLANG_WARN_CONSTANT_CONVERSION = YES;
				CLANG_WARN_DEPRECATED_OBJC_IMPLEMENTATIONS = YES;
				CLANG_WARN_DIRECT_OBJC_ISA_USAGE = YES_ERROR;
				CLANG_WARN_DOCUMENTATION_COMMENTS = YES;
				CLANG_WARN_EMPTY_BODY = YES;
				CLANG_WARN_ENUM_CONVERSION = YES;
				CLANG_WARN_INFINITE_RECURSION = YES;
				CLANG_WARN_INT_CONVERSION = YES;
				CLANG_WARN_NON_LITERAL_NULL_CONVERSION = YES;
				CLANG_WARN_OBJC_IMPLICIT_RETAIN_SELF = YES;
				CLANG_WARN_OBJC_LITERAL_CONVERSION = YES;
				CLANG_WARN_OBJC_ROOT_CLASS = YES_ERROR;
				CLANG_WARN_RANGE_LOOP_ANALYSIS = YES;
				CLANG_WARN_STRICT_PROTOTYPES = YES;
				CLANG_WARN_SUSPICIOUS_MOVE = YES;
				CLANG_WARN_UNGUARDED_AVAILABILITY = YES_AGGRESSIVE;
				CLANG_WARN_UNREACHABLE_CODE = YES;
				CLANG_WARN__DUPLICATE_METHOD_MATCH = YES;
				CODE_SIGN_IDENTITY = "iPhone Developer";
				COPY_PHASE_STRIP = NO;
				DEBUG_INFORMATION_FORMAT = dwarf;
				ENABLE_STRICT_OBJC_MSGSEND = YES;
				ENABLE_TESTABILITY = YES;
				GCC_C_LANGUAGE_STANDARD = gnu11;
				GCC_DYNAMIC_NO_PIC = NO;
				GCC_NO_COMMON_BLOCKS = YES;
				GCC_OPTIMIZATION_LEVEL = 0;
				GCC_PREPROCESSOR_DEFINITIONS = (
					"DEBUG=1",
					"$(inherited)",
				);
				GCC_WARN_64_TO_32_BIT_CONVERSION = YES;
				GCC_WARN_ABOUT_RETURN_TYPE = YES_ERROR;
				GCC_WARN_UNDECLARED_SELECTOR = YES;
				GCC_WARN_UNINITIALIZED_AUTOS = YES_AGGRESSIVE;
				GCC_WARN_UNUSED_FUNCTION = YES;
				GCC_WARN_UNUSED_VARIABLE = YES;
				IPHONEOS_DEPLOYMENT_TARGET = 12.1;
				MTL_ENABLE_DEBUG_INFO = INCLUDE_SOURCE;
				MTL_FAST_MATH = YES;
				ONLY_ACTIVE_ARCH = YES;
				SDKROOT = iphoneos;
				SWIFT_ACTIVE_COMPILATION_CONDITIONS = DEBUG;
				SWIFT_OPTIMIZATION_LEVEL = "-Onone";
			};
			name = Debug;
		};
		897A6ECB21F54F220072C976 /* Release */ = {
			isa = XCBuildConfiguration;
			buildSettings = {
				ALWAYS_SEARCH_USER_PATHS = NO;
				CLANG_ANALYZER_NONNULL = YES;
				CLANG_ANALYZER_NUMBER_OBJECT_CONVERSION = YES_AGGRESSIVE;
				CLANG_CXX_LANGUAGE_STANDARD = "gnu++14";
				CLANG_CXX_LIBRARY = "libc++";
				CLANG_ENABLE_MODULES = YES;
				CLANG_ENABLE_OBJC_ARC = YES;
				CLANG_ENABLE_OBJC_WEAK = YES;
				CLANG_WARN_BLOCK_CAPTURE_AUTORELEASING = YES;
				CLANG_WARN_BOOL_CONVERSION = YES;
				CLANG_WARN_COMMA = YES;
				CLANG_WARN_CONSTANT_CONVERSION = YES;
				CLANG_WARN_DEPRECATED_OBJC_IMPLEMENTATIONS = YES;
				CLANG_WARN_DIRECT_OBJC_ISA_USAGE = YES_ERROR;
				CLANG_WARN_DOCUMENTATION_COMMENTS = YES;
				CLANG_WARN_EMPTY_BODY = YES;
				CLANG_WARN_ENUM_CONVERSION = YES;
				CLANG_WARN_INFINITE_RECURSION = YES;
				CLANG_WARN_INT_CONVERSION = YES;
				CLANG_WARN_NON_LITERAL_NULL_CONVERSION = YES;
				CLANG_WARN_OBJC_IMPLICIT_RETAIN_SELF = YES;
				CLANG_WARN_OBJC_LITERAL_CONVERSION = YES;
				CLANG_WARN_OBJC_ROOT_CLASS = YES_ERROR;
				CLANG_WARN_RANGE_LOOP_ANALYSIS = YES;
				CLANG_WARN_STRICT_PROTOTYPES = YES;
				CLANG_WARN_SUSPICIOUS_MOVE = YES;
				CLANG_WARN_UNGUARDED_AVAILABILITY = YES_AGGRESSIVE;
				CLANG_WARN_UNREACHABLE_CODE = YES;
				CLANG_WARN__DUPLICATE_METHOD_MATCH = YES;
				CODE_SIGN_IDENTITY = "iPhone Developer";
				COPY_PHASE_STRIP = NO;
				DEBUG_INFORMATION_FORMAT = "dwarf-with-dsym";
				ENABLE_NS_ASSERTIONS = NO;
				ENABLE_STRICT_OBJC_MSGSEND = YES;
				GCC_C_LANGUAGE_STANDARD = gnu11;
				GCC_NO_COMMON_BLOCKS = YES;
				GCC_WARN_64_TO_32_BIT_CONVERSION = YES;
				GCC_WARN_ABOUT_RETURN_TYPE = YES_ERROR;
				GCC_WARN_UNDECLARED_SELECTOR = YES;
				GCC_WARN_UNINITIALIZED_AUTOS = YES_AGGRESSIVE;
				GCC_WARN_UNUSED_FUNCTION = YES;
				GCC_WARN_UNUSED_VARIABLE = YES;
				IPHONEOS_DEPLOYMENT_TARGET = 12.1;
				MTL_ENABLE_DEBUG_INFO = NO;
				MTL_FAST_MATH = YES;
				SDKROOT = iphoneos;
				SWIFT_COMPILATION_MODE = wholemodule;
				SWIFT_OPTIMIZATION_LEVEL = "-O";
				VALIDATE_PRODUCT = YES;
			};
			name = Release;
		};
		897A6ECD21F54F220072C976 /* Debug */ = {
			isa = XCBuildConfiguration;
			buildSettings = {
				ASSETCATALOG_COMPILER_APPICON_NAME = AppIcon;
				CODE_SIGN_STYLE = Automatic;
				DEVELOPMENT_TEAM = A4LJ2YC4BS;
				FRAMEWORK_SEARCH_PATHS = (
					"$(inherited)",
					"$(PROJECT_DIR)/IntroExample",
				);
				INFOPLIST_FILE = IntroExample/Info.plist;
				LD_RUNPATH_SEARCH_PATHS = (
					"$(inherited)",
					"@executable_path/Frameworks",
				);
				PRODUCT_BUNDLE_IDENTIFIER = com.couchbase.IntroExample;
				PRODUCT_NAME = "$(TARGET_NAME)";
				SWIFT_VERSION = 4.2;
				TARGETED_DEVICE_FAMILY = "1,2";
			};
			name = Debug;
		};
		897A6ECE21F54F220072C976 /* Release */ = {
			isa = XCBuildConfiguration;
			buildSettings = {
				ASSETCATALOG_COMPILER_APPICON_NAME = AppIcon;
				CODE_SIGN_STYLE = Automatic;
				DEVELOPMENT_TEAM = A4LJ2YC4BS;
				FRAMEWORK_SEARCH_PATHS = (
					"$(inherited)",
					"$(PROJECT_DIR)/IntroExample",
				);
				INFOPLIST_FILE = IntroExample/Info.plist;
				LD_RUNPATH_SEARCH_PATHS = (
					"$(inherited)",
					"@executable_path/Frameworks",
				);
				PRODUCT_BUNDLE_IDENTIFIER = com.couchbase.IntroExample;
				PRODUCT_NAME = "$(TARGET_NAME)";
				SWIFT_VERSION = 4.2;
				TARGETED_DEVICE_FAMILY = "1,2";
			};
			name = Release;
		};
/* End XCBuildConfiguration section */

/* Begin XCConfigurationList section */
		897A6EB521F54F200072C976 /* Build configuration list for PBXProject "IntroExample" */ = {
			isa = XCConfigurationList;
			buildConfigurations = (
				897A6ECA21F54F220072C976 /* Debug */,
				897A6ECB21F54F220072C976 /* Release */,
			);
			defaultConfigurationIsVisible = 0;
			defaultConfigurationName = Release;
		};
		897A6ECC21F54F220072C976 /* Build configuration list for PBXNativeTarget "IntroExample" */ = {
			isa = XCConfigurationList;
			buildConfigurations = (
				897A6ECD21F54F220072C976 /* Debug */,
				897A6ECE21F54F220072C976 /* Release */,
			);
			defaultConfigurationIsVisible = 0;
			defaultConfigurationName = Release;
		};
/* End XCConfigurationList section */
	};
	rootObject = 897A6EB221F54F200072C976 /* Project object */;
}
